
Microsoft Visual Studio Solution File, Format Version 12.00
# Visual Studio Version 17
VisualStudioVersion = 17.4.33027.239
MinimumVisualStudioVersion = 10.0.40219.1
Project("{9A19103F-16F7-4668-BE54-9A1E7A4F7556}") = "MinimalApiTests.Structured", "MinimalApiTests.Structured\MinimalApiTests.Structured.csproj", "{432DD03D-365F-4806-B714-235AAA66D6DB}"
EndProject
Global
	GlobalSection(SolutionConfigurationPlatforms) = preSolution
		Debug|Any CPU = Debug|Any CPU
		Release|Any CPU = Release|Any CPU
	EndGlobalSection
	GlobalSection(ProjectConfigurationPlatforms) = postSolution
		{432DD03D-365F-4806-B714-235AAA66D6DB}.Debug|Any CPU.ActiveCfg = Debug|Any CPU
		{432DD03D-365F-4806-B714-235AAA66D6DB}.Debug|Any CPU.Build.0 = Debug|Any CPU
		{432DD03D-365F-4806-B714-235AAA66D6DB}.Release|Any CPU.ActiveCfg = Release|Any CPU
		{432DD03D-365F-4806-B714-235AAA66D6DB}.Release|Any CPU.Build.0 = Release|Any CPU
	EndGlobalSection
	GlobalSection(SolutionProperties) = preSolution
		HideSolutionNode = FALSE
	EndGlobalSection
	GlobalSection(ExtensibilityGlobals) = postSolution
		SolutionGuid = {33E9C26B-B5AD-49FC-8F80-A65EE1FBEF7E}
	EndGlobalSection
EndGlobal
